// !$*UTF8*$!
{
	archiveVersion = 1;
	classes = {
	};
	objectVersion = 50;
	objects = {

/* Begin PBXBuildFile section */
		052132DD22788EA600AFCAE8 /* main.m in Sources */ = {isa = PBXBuildFile; fileRef = 052132DC22788EA600AFCAE8 /* main.m */; };
		F3106E9E228E97F1005C15CB /* JKRTimeTool.m in Sources */ = {isa = PBXBuildFile; fileRef = F3106E9C228E97F1005C15CB /* JKRTimeTool.m */; };
		F3106EAF228E97F8005C15CB /* LevelOrderPrinter.m in Sources */ = {isa = PBXBuildFile; fileRef = F3106EA1228E97F8005C15CB /* LevelOrderPrinter.m */; };
		F3106EB0228E97F8005C15CB /* BinaryTree.m in Sources */ = {isa = PBXBuildFile; fileRef = F3106EA4228E97F8005C15CB /* BinaryTree.m */; };
		F3106EB1228E97F8005C15CB /* BinarySearchTree.m in Sources */ = {isa = PBXBuildFile; fileRef = F3106EA6228E97F8005C15CB /* BinarySearchTree.m */; };
		F3106EB2228E97F8005C15CB /* RedBlackTree.m in Sources */ = {isa = PBXBuildFile; fileRef = F3106EA8228E97F8005C15CB /* RedBlackTree.m */; };
		F3106EB3228E97F8005C15CB /* AVLTree.m in Sources */ = {isa = PBXBuildFile; fileRef = F3106EAC228E97F8005C15CB /* AVLTree.m */; };
/* End PBXBuildFile section */

/* Begin PBXCopyFilesBuildPhase section */
		052132D722788EA600AFCAE8 /* CopyFiles */ = {
			isa = PBXCopyFilesBuildPhase;
			buildActionMask = 2147483647;
			dstPath = /usr/share/man/man1/;
			dstSubfolderSpec = 0;
			files = (
			);
			runOnlyForDeploymentPostprocessing = 1;
		};
/* End PBXCopyFilesBuildPhase section */

/* Begin PBXFileReference section */
		052132D922788EA600AFCAE8 /* TreeDemo */ = {isa = PBXFileReference; explicitFileType = "compiled.mach-o.executable"; includeInIndex = 0; path = TreeDemo; sourceTree = BUILT_PRODUCTS_DIR; };
		052132DC22788EA600AFCAE8 /* main.m */ = {isa = PBXFileReference; lastKnownFileType = sourcecode.c.objc; path = main.m; sourceTree = "<group>"; };
		F3106E9C228E97F1005C15CB /* JKRTimeTool.m */ = {isa = PBXFileReference; fileEncoding = 4; lastKnownFileType = sourcecode.c.objc; path = JKRTimeTool.m; sourceTree = "<group>"; };
		F3106E9D228E97F1005C15CB /* JKRTimeTool.h */ = {isa = PBXFileReference; fileEncoding = 4; lastKnownFileType = sourcecode.c.h; path = JKRTimeTool.h; sourceTree = "<group>"; };
		F3106EA1228E97F8005C15CB /* LevelOrderPrinter.m */ = {isa = PBXFileReference; fileEncoding = 4; lastKnownFileType = sourcecode.c.objc; path = LevelOrderPrinter.m; sourceTree = "<group>"; };
		F3106EA2228E97F8005C15CB /* LevelOrderPrinter.h */ = {isa = PBXFileReference; fileEncoding = 4; lastKnownFileType = sourcecode.c.h; path = LevelOrderPrinter.h; sourceTree = "<group>"; };
		F3106EA4228E97F8005C15CB /* BinaryTree.m */ = {isa = PBXFileReference; fileEncoding = 4; lastKnownFileType = sourcecode.c.objc; path = BinaryTree.m; sourceTree = "<group>"; };
		F3106EA6228E97F8005C15CB /* BinarySearchTree.m */ = {isa = PBXFileReference; fileEncoding = 4; lastKnownFileType = sourcecode.c.objc; path = BinarySearchTree.m; sourceTree = "<group>"; };
		F3106EA8228E97F8005C15CB /* RedBlackTree.m */ = {isa = PBXFileReference; fileEncoding = 4; lastKnownFileType = sourcecode.c.objc; path = RedBlackTree.m; sourceTree = "<group>"; };
		F3106EA9228E97F8005C15CB /* RedBlackTree.h */ = {isa = PBXFileReference; fileEncoding = 4; lastKnownFileType = sourcecode.c.h; path = RedBlackTree.h; sourceTree = "<group>"; };
		F3106EAA228E97F8005C15CB /* BinarySearchTree.h */ = {isa = PBXFileReference; fileEncoding = 4; lastKnownFileType = sourcecode.c.h; path = BinarySearchTree.h; sourceTree = "<group>"; };
		F3106EAC228E97F8005C15CB /* AVLTree.m */ = {isa = PBXFileReference; fileEncoding = 4; lastKnownFileType = sourcecode.c.objc; path = AVLTree.m; sourceTree = "<group>"; };
		F3106EAD228E97F8005C15CB /* AVLTree.h */ = {isa = PBXFileReference; fileEncoding = 4; lastKnownFileType = sourcecode.c.h; path = AVLTree.h; sourceTree = "<group>"; };
		F3106EAE228E97F8005C15CB /* BinaryTree.h */ = {isa = PBXFileReference; fileEncoding = 4; lastKnownFileType = sourcecode.c.h; path = BinaryTree.h; sourceTree = "<group>"; };
/* End PBXFileReference section */

/* Begin PBXFrameworksBuildPhase section */
		052132D622788EA600AFCAE8 /* Frameworks */ = {
			isa = PBXFrameworksBuildPhase;
			buildActionMask = 2147483647;
			files = (
			);
			runOnlyForDeploymentPostprocessing = 0;
		};
/* End PBXFrameworksBuildPhase section */

/* Begin PBXGroup section */
		052132D022788EA600AFCAE8 = {
			isa = PBXGroup;
			children = (
				052132DB22788EA600AFCAE8 /* TreeDemo */,
				052132DA22788EA600AFCAE8 /* Products */,
			);
			sourceTree = "<group>";
		};
		052132DA22788EA600AFCAE8 /* Products */ = {
			isa = PBXGroup;
			children = (
				052132D922788EA600AFCAE8 /* TreeDemo */,
			);
			name = Products;
			sourceTree = "<group>";
		};
		052132DB22788EA600AFCAE8 /* TreeDemo */ = {
			isa = PBXGroup;
			children = (
				052132DC22788EA600AFCAE8 /* main.m */,
				F3106E9F228E97F8005C15CB /* BinaryTree */,
				F3106E9B228E97F1005C15CB /* TimeTool */,
			);
			path = TreeDemo;
			sourceTree = "<group>";
		};
		F3106E9B228E97F1005C15CB /* TimeTool */ = {
			isa = PBXGroup;
			children = (
				F3106E9C228E97F1005C15CB /* JKRTimeTool.m */,
				F3106E9D228E97F1005C15CB /* JKRTimeTool.h */,
			);
			path = TimeTool;
			sourceTree = "<group>";
		};
		F3106E9F228E97F8005C15CB /* BinaryTree */ = {
			isa = PBXGroup;
			children = (
				F3106EA0228E97F8005C15CB /* Printer */,
				F3106EA3228E97F8005C15CB /* BinaryTree */,
			);
			path = BinaryTree;
			sourceTree = "<group>";
		};
		F3106EA0228E97F8005C15CB /* Printer */ = {
			isa = PBXGroup;
			children = (
				F3106EA1228E97F8005C15CB /* LevelOrderPrinter.m */,
				F3106EA2228E97F8005C15CB /* LevelOrderPrinter.h */,
			);
			path = Printer;
			sourceTree = "<group>";
		};
		F3106EA3228E97F8005C15CB /* BinaryTree */ = {
			isa = PBXGroup;
			children = (
				F3106EAE228E97F8005C15CB /* BinaryTree.h */,
				F3106EA4228E97F8005C15CB /* BinaryTree.m */,
				F3106EA5228E97F8005C15CB /* BinarySearchTree */,
			);
			path = BinaryTree;
			sourceTree = "<group>";
		};
		F3106EA5228E97F8005C15CB /* BinarySearchTree */ = {
			isa = PBXGroup;
			children = (
				F3106EAA228E97F8005C15CB /* BinarySearchTree.h */,
				F3106EA6228E97F8005C15CB /* BinarySearchTree.m */,
				F3106EAB228E97F8005C15CB /* AVLTree */,
				F3106EA7228E97F8005C15CB /* RedBlackTree */,
			);
			path = BinarySearchTree;
			sourceTree = "<group>";
		};
		F3106EA7228E97F8005C15CB /* RedBlackTree */ = {
			isa = PBXGroup;
			children = (
				F3106EA9228E97F8005C15CB /* RedBlackTree.h */,
				F3106EA8228E97F8005C15CB /* RedBlackTree.m */,
			);
			path = RedBlackTree;
			sourceTree = "<group>";
		};
		F3106EAB228E97F8005C15CB /* AVLTree */ = {
			isa = PBXGroup;
			children = (
				F3106EAD228E97F8005C15CB /* AVLTree.h */,
				F3106EAC228E97F8005C15CB /* AVLTree.m */,
			);
			path = AVLTree;
			sourceTree = "<group>";
		};
/* End PBXGroup section */

/* Begin PBXNativeTarget section */
		052132D822788EA600AFCAE8 /* TreeDemo */ = {
			isa = PBXNativeTarget;
			buildConfigurationList = 052132E022788EA600AFCAE8 /* Build configuration list for PBXNativeTarget "TreeDemo" */;
			buildPhases = (
				052132D522788EA600AFCAE8 /* Sources */,
				052132D622788EA600AFCAE8 /* Frameworks */,
				052132D722788EA600AFCAE8 /* CopyFiles */,
			);
			buildRules = (
			);
			dependencies = (
			);
			name = TreeDemo;
			productName = TreeDemo;
			productReference = 052132D922788EA600AFCAE8 /* TreeDemo */;
			productType = "com.apple.product-type.tool";
		};
/* End PBXNativeTarget section */

/* Begin PBXProject section */
		052132D122788EA600AFCAE8 /* Project object */ = {
			isa = PBXProject;
			attributes = {
				LastUpgradeCheck = 1020;
				ORGANIZATIONNAME = Lucky;
				TargetAttributes = {
					052132D822788EA600AFCAE8 = {
						CreatedOnToolsVersion = 10.2.1;
					};
				};
			};
			buildConfigurationList = 052132D422788EA600AFCAE8 /* Build configuration list for PBXProject "TreeDemo" */;
			compatibilityVersion = "Xcode 9.3";
			developmentRegion = en;
			hasScannedForEncodings = 0;
			knownRegions = (
				en,
			);
			mainGroup = 052132D022788EA600AFCAE8;
			productRefGroup = 052132DA22788EA600AFCAE8 /* Products */;
			projectDirPath = "";
			projectRoot = "";
			targets = (
				052132D822788EA600AFCAE8 /* TreeDemo */,
			);
		};
/* End PBXProject section */

/* Begin PBXSourcesBuildPhase section */
		052132D522788EA600AFCAE8 /* Sources */ = {
			isa = PBXSourcesBuildPhase;
			buildActionMask = 2147483647;
			files = (
				F3106EB0228E97F8005C15CB /* BinaryTree.m in Sources */,
				F3106EAF228E97F8005C15CB /* LevelOrderPrinter.m in Sources */,
				F3106E9E228E97F1005C15CB /* JKRTimeTool.m in Sources */,
				F3106EB2228E97F8005C15CB /* RedBlackTree.m in Sources */,
				F3106EB3228E97F8005C15CB /* AVLTree.m in Sources */,
				F3106EB1228E97F8005C15CB /* BinarySearchTree.m in Sources */,
				052132DD22788EA600AFCAE8 /* main.m in Sources */,
			);
			runOnlyForDeploymentPostprocessing = 0;
		};
/* End PBXSourcesBuildPhase section */

/* Begin XCBuildConfiguration section */
		052132DE22788EA600AFCAE8 /* Debug */ = {
			isa = XCBuildConfiguration;
			buildSettings = {
				ALWAYS_SEARCH_USER_PATHS = NO;
				CLANG_ANALYZER_NONNULL = YES;
				CLANG_ANALYZER_NUMBER_OBJECT_CONVERSION = YES_AGGRESSIVE;
				CLANG_CXX_LANGUAGE_STANDARD = "gnu++14";
				CLANG_CXX_LIBRARY = "libc++";
				CLANG_ENABLE_MODULES = YES;
				CLANG_ENABLE_OBJC_ARC = YES;
				CLANG_ENABLE_OBJC_WEAK = YES;
				CLANG_WARN_BLOCK_CAPTURE_AUTORELEASING = YES;
				CLANG_WARN_BOOL_CONVERSION = YES;
				CLANG_WARN_COMMA = YES;
				CLANG_WARN_CONSTANT_CONVERSION = YES;
				CLANG_WARN_DEPRECATED_OBJC_IMPLEMENTATIONS = YES;
				CLANG_WARN_DIRECT_OBJC_ISA_USAGE = YES_ERROR;
				CLANG_WARN_DOCUMENTATION_COMMENTS = YES;
				CLANG_WARN_EMPTY_BODY = YES;
				CLANG_WARN_ENUM_CONVERSION = YES;
				CLANG_WARN_INFINITE_RECURSION = YES;
				CLANG_WARN_INT_CONVERSION = YES;
				CLANG_WARN_NON_LITERAL_NULL_CONVERSION = YES;
				CLANG_WARN_OBJC_IMPLICIT_RETAIN_SELF = YES;
				CLANG_WARN_OBJC_LITERAL_CONVERSION = YES;
				CLANG_WARN_OBJC_ROOT_CLASS = YES_ERROR;
				CLANG_WARN_RANGE_LOOP_ANALYSIS = YES;
				CLANG_WARN_STRICT_PROTOTYPES = YES;
				CLANG_WARN_SUSPICIOUS_MOVE = YES;
				CLANG_WARN_UNGUARDED_AVAILABILITY = YES_AGGRESSIVE;
				CLANG_WARN_UNREACHABLE_CODE = YES;
				CLANG_WARN__DUPLICATE_METHOD_MATCH = YES;
				CODE_SIGN_IDENTITY = "-";
				COPY_PHASE_STRIP = NO;
				DEBUG_INFORMATION_FORMAT = dwarf;
				ENABLE_STRICT_OBJC_MSGSEND = YES;
				ENABLE_TESTABILITY = YES;
				GCC_C_LANGUAGE_STANDARD = gnu11;
				GCC_DYNAMIC_NO_PIC = NO;
				GCC_NO_COMMON_BLOCKS = YES;
				GCC_OPTIMIZATION_LEVEL = 0;
				GCC_PREPROCESSOR_DEFINITIONS = (
					"DEBUG=1",
					"$(inherited)",
				);
				GCC_WARN_64_TO_32_BIT_CONVERSION = YES;
				GCC_WARN_ABOUT_RETURN_TYPE = YES_ERROR;
				GCC_WARN_UNDECLARED_SELECTOR = YES;
				GCC_WARN_UNINITIALIZED_AUTOS = YES_AGGRESSIVE;
				GCC_WARN_UNUSED_FUNCTION = YES;
				GCC_WARN_UNUSED_VARIABLE = YES;
				MACOSX_DEPLOYMENT_TARGET = 10.14;
				MTL_ENABLE_DEBUG_INFO = INCLUDE_SOURCE;
				MTL_FAST_MATH = YES;
				ONLY_ACTIVE_ARCH = YES;
				SDKROOT = macosx;
			};
			name = Debug;
		};
		052132DF22788EA600AFCAE8 /* Release */ = {
			isa = XCBuildConfiguration;
			buildSettings = {
				ALWAYS_SEARCH_USER_PATHS = NO;
				CLANG_ANALYZER_NONNULL = YES;
				CLANG_ANALYZER_NUMBER_OBJECT_CONVERSION = YES_AGGRESSIVE;
				CLANG_CXX_LANGUAGE_STANDARD = "gnu++14";
				CLANG_CXX_LIBRARY = "libc++";
				CLANG_ENABLE_MODULES = YES;
				CLANG_ENABLE_OBJC_ARC = YES;
				CLANG_ENABLE_OBJC_WEAK = YES;
				CLANG_WARN_BLOCK_CAPTURE_AUTORELEASING = YES;
				CLANG_WARN_BOOL_CONVERSION = YES;
				CLANG_WARN_COMMA = YES;
				CLANG_WARN_CONSTANT_CONVERSION = YES;
				CLANG_WARN_DEPRECATED_OBJC_IMPLEMENTATIONS = YES;
				CLANG_WARN_DIRECT_OBJC_ISA_USAGE = YES_ERROR;
				CLANG_WARN_DOCUMENTATION_COMMENTS = YES;
				CLANG_WARN_EMPTY_BODY = YES;
				CLANG_WARN_ENUM_CONVERSION = YES;
				CLANG_WARN_INFINITE_RECURSION = YES;
				CLANG_WARN_INT_CONVERSION = YES;
				CLANG_WARN_NON_LITERAL_NULL_CONVERSION = YES;
				CLANG_WARN_OBJC_IMPLICIT_RETAIN_SELF = YES;
				CLANG_WARN_OBJC_LITERAL_CONVERSION = YES;
				CLANG_WARN_OBJC_ROOT_CLASS = YES_ERROR;
				CLANG_WARN_RANGE_LOOP_ANALYSIS = YES;
				CLANG_WARN_STRICT_PROTOTYPES = YES;
				CLANG_WARN_SUSPICIOUS_MOVE = YES;
				CLANG_WARN_UNGUARDED_AVAILABILITY = YES_AGGRESSIVE;
				CLANG_WARN_UNREACHABLE_CODE = YES;
				CLANG_WARN__DUPLICATE_METHOD_MATCH = YES;
				CODE_SIGN_IDENTITY = "-";
				COPY_PHASE_STRIP = NO;
				DEBUG_INFORMATION_FORMAT = "dwarf-with-dsym";
				ENABLE_NS_ASSERTIONS = NO;
				ENABLE_STRICT_OBJC_MSGSEND = YES;
				GCC_C_LANGUAGE_STANDARD = gnu11;
				GCC_NO_COMMON_BLOCKS = YES;
				GCC_WARN_64_TO_32_BIT_CONVERSION = YES;
				GCC_WARN_ABOUT_RETURN_TYPE = YES_ERROR;
				GCC_WARN_UNDECLARED_SELECTOR = YES;
				GCC_WARN_UNINITIALIZED_AUTOS = YES_AGGRESSIVE;
				GCC_WARN_UNUSED_FUNCTION = YES;
				GCC_WARN_UNUSED_VARIABLE = YES;
				MACOSX_DEPLOYMENT_TARGET = 10.14;
				MTL_ENABLE_DEBUG_INFO = NO;
				MTL_FAST_MATH = YES;
				SDKROOT = macosx;
			};
			name = Release;
		};
		052132E122788EA600AFCAE8 /* Debug */ = {
			isa = XCBuildConfiguration;
			buildSettings = {
				CODE_SIGN_STYLE = Automatic;
				PRODUCT_NAME = "$(TARGET_NAME)";
			};
			name = Debug;
		};
		052132E222788EA600AFCAE8 /* Release */ = {
			isa = XCBuildConfiguration;
			buildSettings = {
				CODE_SIGN_STYLE = Automatic;
				PRODUCT_NAME = "$(TARGET_NAME)";
			};
			name = Release;
		};
/* End XCBuildConfiguration section */

/* Begin XCConfigurationList section */
		052132D422788EA600AFCAE8 /* Build configuration list for PBXProject "TreeDemo" */ = {
			isa = XCConfigurationList;
			buildConfigurations = (
				052132DE22788EA600AFCAE8 /* Debug */,
				052132DF22788EA600AFCAE8 /* Release */,
			);
			defaultConfigurationIsVisible = 0;
			defaultConfigurationName = Release;
		};
		052132E022788EA600AFCAE8 /* Build configuration list for PBXNativeTarget "TreeDemo" */ = {
			isa = XCConfigurationList;
			buildConfigurations = (
				052132E122788EA600AFCAE8 /* Debug */,
				052132E222788EA600AFCAE8 /* Release */,
			);
			defaultConfigurationIsVisible = 0;
			defaultConfigurationName = Release;
		};
/* End XCConfigurationList section */
	};
	rootObject = 052132D122788EA600AFCAE8 /* Project object */;
}
